
Microsoft Visual Studio Solution File, Format Version 12.00
# Visual Studio Version 16
VisualStudioVersion = 16.0.33214.272
MinimumVisualStudioVersion = 10.0.40219.1
Project("{FAE04EC0-301F-11D3-BF4B-00C04F79EFBC}") = "Mission04_mgoltra", "Mission04_mgoltra\Mission04_mgoltra.csproj", "{361BB517-EC33-4E8F-9945-B3A579B9B8FE}"
EndProject
Global
	GlobalSection(SolutionConfigurationPlatforms) = preSolution
		Debug|Any CPU = Debug|Any CPU
		Release|Any CPU = Release|Any CPU
	EndGlobalSection
	GlobalSection(ProjectConfigurationPlatforms) = postSolution
		{361BB517-EC33-4E8F-9945-B3A579B9B8FE}.Debug|Any CPU.ActiveCfg = Debug|Any CPU
		{361BB517-EC33-4E8F-9945-B3A579B9B8FE}.Debug|Any CPU.Build.0 = Debug|Any CPU
		{361BB517-EC33-4E8F-9945-B3A579B9B8FE}.Release|Any CPU.ActiveCfg = Release|Any CPU
		{361BB517-EC33-4E8F-9945-B3A579B9B8FE}.Release|Any CPU.Build.0 = Release|Any CPU
	EndGlobalSection
	GlobalSection(SolutionProperties) = preSolution
		HideSolutionNode = FALSE
	EndGlobalSection
	GlobalSection(ExtensibilityGlobals) = postSolution
		SolutionGuid = {B64160D2-B52B-4B28-9C12-702D4DC34122}
	EndGlobalSection
EndGlobal
